
Microsoft Visual Studio Solution File, Format Version 12.00
# Visual Studio Version 17
VisualStudioVersion = 17.11.35327.3
MinimumVisualStudioVersion = 10.0.40219.1
Project("{FAE04EC0-301F-11D3-BF4B-00C04F79EFBC}") = "InveonBootcamp.Entities", "InveonBootcamp.Entities\InveonBootcamp.Entities.csproj", "{AFF86BDB-0CE1-4C92-90EA-8D1C500A7E0B}"
EndProject
Project("{FAE04EC0-301F-11D3-BF4B-00C04F79EFBC}") = "InveonBootcamp.DataAccess", "InveonBootcamp.DataAccess\InveonBootcamp.DataAccess.csproj", "{5FCB4EE9-9AEC-4C36-BDE8-8E251E96FC33}"
EndProject
Project("{FAE04EC0-301F-11D3-BF4B-00C04F79EFBC}") = "InveonBootcamp.Business", "InveonBootcamp.Business\InveonBootcamp.Business.csproj", "{0C19BECD-6FC7-4601-96E6-1D64EA5E8102}"
EndProject
Project("{FAE04EC0-301F-11D3-BF4B-00C04F79EFBC}") = "InveonBootcamp.API", "InveonBootcamp.API\InveonBootcamp.API.csproj", "{CDB0CC96-D87A-4B3D-927A-8BA879F2E271}"
EndProject
Global
	GlobalSection(SolutionConfigurationPlatforms) = preSolution
		Debug|Any CPU = Debug|Any CPU
		Release|Any CPU = Release|Any CPU
	EndGlobalSection
	GlobalSection(ProjectConfigurationPlatforms) = postSolution
		{AFF86BDB-0CE1-4C92-90EA-8D1C500A7E0B}.Debug|Any CPU.ActiveCfg = Debug|Any CPU
		{AFF86BDB-0CE1-4C92-90EA-8D1C500A7E0B}.Debug|Any CPU.Build.0 = Debug|Any CPU
		{AFF86BDB-0CE1-4C92-90EA-8D1C500A7E0B}.Release|Any CPU.ActiveCfg = Release|Any CPU
		{AFF86BDB-0CE1-4C92-90EA-8D1C500A7E0B}.Release|Any CPU.Build.0 = Release|Any CPU
		{5FCB4EE9-9AEC-4C36-BDE8-8E251E96FC33}.Debug|Any CPU.ActiveCfg = Debug|Any CPU
		{5FCB4EE9-9AEC-4C36-BDE8-8E251E96FC33}.Debug|Any CPU.Build.0 = Debug|Any CPU
		{5FCB4EE9-9AEC-4C36-BDE8-8E251E96FC33}.Release|Any CPU.ActiveCfg = Release|Any CPU
		{5FCB4EE9-9AEC-4C36-BDE8-8E251E96FC33}.Release|Any CPU.Build.0 = Release|Any CPU
		{0C19BECD-6FC7-4601-96E6-1D64EA5E8102}.Debug|Any CPU.ActiveCfg = Debug|Any CPU
		{0C19BECD-6FC7-4601-96E6-1D64EA5E8102}.Debug|Any CPU.Build.0 = Debug|Any CPU
		{0C19BECD-6FC7-4601-96E6-1D64EA5E8102}.Release|Any CPU.ActiveCfg = Release|Any CPU
		{0C19BECD-6FC7-4601-96E6-1D64EA5E8102}.Release|Any CPU.Build.0 = Release|Any CPU
		{CDB0CC96-D87A-4B3D-927A-8BA879F2E271}.Debug|Any CPU.ActiveCfg = Debug|Any CPU
		{CDB0CC96-D87A-4B3D-927A-8BA879F2E271}.Debug|Any CPU.Build.0 = Debug|Any CPU
		{CDB0CC96-D87A-4B3D-927A-8BA879F2E271}.Release|Any CPU.ActiveCfg = Release|Any CPU
		{CDB0CC96-D87A-4B3D-927A-8BA879F2E271}.Release|Any CPU.Build.0 = Release|Any CPU
	EndGlobalSection
	GlobalSection(SolutionProperties) = preSolution
		HideSolutionNode = FALSE
	EndGlobalSection
	GlobalSection(ExtensibilityGlobals) = postSolution
		SolutionGuid = {ED4FDB0C-D2F5-4145-9315-635700A56856}
	EndGlobalSection
EndGlobal
